Microsoft Visual Studio Solution File, Format Version 11.00
# Visual Studio 2008

Project("{39CE162F-D56A-737D-98B8-940F5A62D5E0}") = "TVRunner", "Assembly-CSharp-firstpass.csproj", "{BD55C2EE-84D1-CB92-1B3B-05019C9A02AC}"
EndProject
Project("{39CE162F-D56A-737D-98B8-940F5A62D5E0}") = "TVRunner", "Assembly-CSharp.csproj", "{8377F070-111A-C15C-E2A7-64CD51D86073}"
EndProject
Project("{39CE162F-D56A-737D-98B8-940F5A62D5E0}") = "TVRunner", "Assembly-UnityScript.unityproj", "{F0F47319-9F88-5F74-88EF-C045C06ABF8E}"
EndProject
Global
	GlobalSection(SolutionConfigurationPlatforms) = preSolution
		Debug|Any CPU = Debug|Any CPU
		Release|Any CPU = Release|Any CPU
	EndGlobalSection
	GlobalSection(ProjectConfigurationPlatforms) = postSolution
		{BD55C2EE-84D1-CB92-1B3B-05019C9A02AC}.Debug|Any CPU.ActiveCfg = Debug|Any CPU
		{BD55C2EE-84D1-CB92-1B3B-05019C9A02AC}.Debug|Any CPU.Build.0 = Debug|Any CPU
		{BD55C2EE-84D1-CB92-1B3B-05019C9A02AC}.Release|Any CPU.ActiveCfg = Release|Any CPU
		{BD55C2EE-84D1-CB92-1B3B-05019C9A02AC}.Release|Any CPU.Build.0 = Release|Any CPU
		{8377F070-111A-C15C-E2A7-64CD51D86073}.Debug|Any CPU.ActiveCfg = Debug|Any CPU
		{8377F070-111A-C15C-E2A7-64CD51D86073}.Debug|Any CPU.Build.0 = Debug|Any CPU
		{8377F070-111A-C15C-E2A7-64CD51D86073}.Release|Any CPU.ActiveCfg = Release|Any CPU
		{8377F070-111A-C15C-E2A7-64CD51D86073}.Release|Any CPU.Build.0 = Release|Any CPU
		{F0F47319-9F88-5F74-88EF-C045C06ABF8E}.Debug|Any CPU.ActiveCfg = Debug|Any CPU
		{F0F47319-9F88-5F74-88EF-C045C06ABF8E}.Debug|Any CPU.Build.0 = Debug|Any CPU
		{F0F47319-9F88-5F74-88EF-C045C06ABF8E}.Release|Any CPU.ActiveCfg = Release|Any CPU
		{F0F47319-9F88-5F74-88EF-C045C06ABF8E}.Release|Any CPU.Build.0 = Release|Any CPU
	EndGlobalSection
	GlobalSection(SolutionProperties) = preSolution
		HideSolutionNode = FALSE
	EndGlobalSection
																																																																																																																																																																																																																										GlobalSection(MonoDevelopProperties) = preSolution
=======
																																																																																																																																																																																																			GlobalSection(MonoDevelopProperties) = preSolution
>>>>>>> b95a5d3eecb07e7d00eaeb938b049f848d4802f8
=======
																																																																																																																																																																																	GlobalSection(MonoDevelopProperties) = preSolution
>>>>>>> edc53af44c7fefd1f387cb47777ca247d8cf7b09
=======
																																																																																																																																																																		GlobalSection(MonoDevelopProperties) = preSolution
=======
																																																																																																																																																																			GlobalSection(MonoDevelopProperties) = preSolution
>>>>>>> fca67780623d8a05b8062addceab14caa3cc3485
=======
																																																																																																																																																						GlobalSection(MonoDevelopProperties) = preSolution
>>>>>>> 096f481aab54f942dcfedb7bc236854c6897ce15
>>>>>>> d660823a8331719e72741f87400818a1f1505dac
=======
																																																																																																																																			GlobalSection(MonoDevelopProperties) = preSolution
<<<<<<< HEAD
=======
>>>>>>> 3d8686bdab57f970b80243194cec1c7f417c6657
=======
<<<<<<< HEAD
																																																																																																																																GlobalSection(MonoDevelopProperties) = preSolution
>>>>>>> 446afa0b73422a1b19ff72524af672abc5cc918e
=======
																																																																																																																											GlobalSection(MonoDevelopProperties) = preSolution
>>>>>>> b4302debb9cb3d8b5248e91546f0c2cf524cb60a
>>>>>>> 49752d6a79bd34cb2735bca3f2f2ec3aa396b4a9
=======
																																																																																																									GlobalSection(MonoDevelopProperties) = preSolution
>>>>>>> 52900c819f19d8bfa42ee617380df34d91ec314d
=======
																													GlobalSection(MonoDevelopProperties) = preSolution
>>>>>>> c38f402b82f061830b6dd43d6ea07ed88e520631
		StartupItem = Assembly-CSharp.csproj
		Policies = $0
		$0.TextStylePolicy = $1
		$1.inheritsSet = null
		$1.scope = text/x-csharp
		$0.CSharpFormattingPolicy = $2
		$2.inheritsSet = Mono
		$2.inheritsScope = text/x-csharp
		$2.scope = text/x-csharp
		$0.TextStylePolicy = $3
		$3.FileWidth = 120
		$3.TabWidth = 4
		$3.IndentWidth = 4
		$3.EolMarker = Unix
		$3.inheritsSet = Mono
		$3.inheritsScope = text/plain
		$3.scope = text/plain
	EndGlobalSection

EndGlobal
